PODS:
  - Flutter (1.0.0)
  - media_kit_native_event_loop (1.0.0):
    - Flutter
  - native_route_picker (0.0.1):
    - Flutter

DEPENDENCIES:
  - Flutter (from `Flutter`)
  - media_kit_native_event_loop (from `.symlinks/plugins/media_kit_native_event_loop/ios`)
  - native_route_picker (from `.symlinks/plugins/native_route_picker/ios`)

EXTERNAL SOURCES:
  Flutter:
    :path: Flutter
  media_kit_native_event_loop:
    :path: ".symlinks/plugins/media_kit_native_event_loop/ios"
  native_route_picker:
    :path: ".symlinks/plugins/native_route_picker/ios"

SPEC CHECKSUMS:
  Flutter: cabc95a1d2626b1b06e7179b784ebcf0c0cde467
  media_kit_native_event_loop: 02f537bbf34235ec34dbbc7439a97ee96b776193
  native_route_picker: 7ff589d3c51dc52cbc1078adcdeac81ba9d87434

PODFILE CHECKSUM: b2e52f8d7b4da8f44cfe81b7f2636e3d26d55617

COCOAPODS: 1.16.2
