# Generated by pub
# See https://dart.dev/tools/pub/glossary#lockfile
packages:
  args:
    dependency: transitive
    description:
      name: args
      sha256: d0481093c50b1da8910eb0bb301626d4d8eb7284aa739614d2b394ee09e3ea04
      url: "https://pub.dev"
    source: hosted
    version: "2.7.0"
  async:
    dependency: transitive
    description:
      name: async
      sha256: e2eb0491ba5ddb6177742d2da23904574082139b07c1e33b8503b9f46f3e1a37
      url: "https://pub.dev"
    source: hosted
    version: "2.13.1"
  audio_service:
    dependency: "direct main"
    description:
      name: audio_service
      sha256: "95f3267f3449eb5cf71c8fcf1d556f57af1e898e2dc5815fb168d1843653edb7"
      url: "https://pub.dev"
    source: hosted
    version: "0.18.19"
  audio_service_platform_interface:
    dependency: transitive
    description:
      name: audio_service_platform_interface
      sha256: "6283782851f6c8b501b60904a32fc7199dc631172da0629d7301e66f672ab777"
      url: "https://pub.dev"
    source: hosted
    version: "0.1.3"
  audio_service_web:
    dependency: transitive
    description:
      name: audio_service_web
      sha256: b8ea9243201ee53383157fbccf13d5d2a866b5dda922ec19d866d1d5d70424df
      url: "https://pub.dev"
    source: hosted
    version: "0.1.4"
  audio_session:
    dependency: "direct main"
    description:
      name: audio_session
      sha256: f9e7711a0e24ca8b40f5d7ac374c3c6e55016f3157912badd18199cdbbca5c4d
      url: "https://pub.dev"
    source: hosted
    version: "0.2.4"
  characters:
    dependency: transitive
    description:
      name: characters
      sha256: faf38497bda5ead2a8c7615f4f7939df04333478bf32e4173fcb06d428b5716b
      url: "https://pub.dev"
    source: hosted
    version: "1.4.1"
  clock:
    dependency: transitive
    description:
      name: clock
      sha256: fddb70d9b5277016c77a80201021d40a2247104d9f4aa7bab7157b7e3f05b84b
      url: "https://pub.dev"
    source: hosted
    version: "1.1.2"
  code_assets:
    dependency: transitive
    description:
      name: code_assets
      sha256: bf394f466ba9205f1812a0433b392d6af280f155f56651eda7c18cc32ed493b8
      url: "https://pub.dev"
    source: hosted
    version: "1.2.1"
  collection:
    dependency: transitive
    description:
      name: collection
      sha256: "2f5709ae4d3d59dd8f7cd309b4e023046b57d8a6c82130785d2b0e5868084e76"
      url: "https://pub.dev"
    source: hosted
    version: "1.19.1"
  crypto:
    dependency: transitive
    description:
      name: crypto
      sha256: c8ea0233063ba03258fbcf2ca4d6dadfefe14f02fab57702265467a19f27fadf
      url: "https://pub.dev"
    source: hosted
    version: "3.0.7"
  ffi:
    dependency: transitive
    description:
      name: ffi
      sha256: "6d7fd89431262d8f3125e81b50d3847a091d846eafcd4fdb88dd06f36d705a45"
      url: "https://pub.dev"
    source: hosted
    version: "2.2.0"
  file:
    dependency: transitive
    description:
      name: file
      sha256: a3b4f84adafef897088c160faf7dfffb7696046cb13ae90b508c2cbc95d3b8d4
      url: "https://pub.dev"
    source: hosted
    version: "7.0.1"
  fixnum:
    dependency: transitive
    description:
      name: fixnum
      sha256: b6dc7065e46c974bc7c5f143080a6764ec7a4be6da1285ececdc37be96de53be
      url: "https://pub.dev"
    source: hosted
    version: "1.1.1"
  flutter:
    dependency: "direct main"
    description: flutter
    source: sdk
    version: "0.0.0"
  flutter_cache_manager:
    dependency: transitive
    description:
      name: flutter_cache_manager
      sha256: "1de7849213b4c73c85aca7e0ac687a9a5d82ccdb594366b9dcc26cb6a2189cd2"
      url: "https://pub.dev"
    source: hosted
    version: "3.4.2"
  flutter_lints:
    dependency: "direct dev"
    description:
      name: flutter_lints
      sha256: a25a15ebbdfc33ab1cd26c63a6ee519df92338a9c10f122adda92938253bef04
      url: "https://pub.dev"
    source: hosted
    version: "2.0.3"
  flutter_web_plugins:
    dependency: "direct main"
    description: flutter
    source: sdk
    version: "0.0.0"
  hooks:
    dependency: transitive
    description:
      name: hooks
      sha256: "9a62a50b50b769a737bc0a8ff381f333529df3ab746b2f6b02e83760231455ba"
      url: "https://pub.dev"
    source: hosted
    version: "2.0.2"
  http:
    dependency: transitive
    description:
      name: http
      sha256: "87721a4a50b19c7f1d49001e51409bddc46303966ce89a65af4f4e6004896412"
      url: "https://pub.dev"
    source: hosted
    version: "1.6.0"
  http_parser:
    dependency: transitive
    description:
      name: http_parser
      sha256: "178d74305e7866013777bab2c3d8726205dc5a4dd935297175b19a23a2e66571"
      url: "https://pub.dev"
    source: hosted
    version: "4.1.2"
  jni:
    dependency: transitive
    description:
      name: jni
      sha256: f038e58b4dc2c9037f50e233175086337e0b305e356d28211bf55f21c504cbd3
      url: "https://pub.dev"
    source: hosted
    version: "1.0.3"
  jni_flutter:
    dependency: transitive
    description:
      name: jni_flutter
      sha256: "7b717011ea40d04fd47c2731d3d1d36eb99eba3435c2753d62489e8c3c9991d5"
      url: "https://pub.dev"
    source: hosted
    version: "1.0.2"
  jni_util:
    dependency: transitive
    description:
      name: jni_util
      sha256: "1ba86da04a5f2bf18fde2edb235587e70c5b0fc5bd4ba955f46b00942c3fc35f"
      url: "https://pub.dev"
    source: hosted
    version: "1.0.0"
  js:
    dependency: transitive
    description:
      name: js
      sha256: "53385261521cc4a0c4658fd0ad07a7d14591cf8fc33abbceae306ddb974888dc"
      url: "https://pub.dev"
    source: hosted
    version: "0.7.2"
  just_audio_platform_interface:
    dependency: "direct main"
    description:
      name: just_audio_platform_interface
      sha256: "2532c8d6702528824445921c5ff10548b518b13f808c2e34c2fd54793b999a6a"
      url: "https://pub.dev"
    source: hosted
    version: "4.6.0"
  lints:
    dependency: transitive
    description:
      name: lints
      sha256: "0a217c6c989d21039f1498c3ed9f3ed71b354e69873f13a8dfc3c9fe76f1b452"
      url: "https://pub.dev"
    source: hosted
    version: "2.1.1"
  logging:
    dependency: transitive
    description:
      name: logging
      sha256: c8245ada5f1717ed44271ed1c26b8ce85ca3228fd2ffdb75468ab01979309d61
      url: "https://pub.dev"
    source: hosted
    version: "1.3.0"
  material_color_utilities:
    dependency: transitive
    description:
      name: material_color_utilities
      sha256: "9c337007e82b1889149c82ed242ed1cb24a66044e30979c44912381e9be4c48b"
      url: "https://pub.dev"
    source: hosted
    version: "0.13.0"
  meta:
    dependency: "direct main"
    description:
      name: meta
      sha256: "1741988757a65eb6b36abe716829688cf01910bbf91c34354ff7ec1c3de2b349"
      url: "https://pub.dev"
    source: hosted
    version: "1.18.0"
  objective_c:
    dependency: transitive
    description:
      name: objective_c
      sha256: b7fb95a6d9a4f009edd63dc5ac69f07420b23a16161c6dd8660290b59c602e8e
      url: "https://pub.dev"
    source: hosted
    version: "9.5.0"
  package_config:
    dependency: transitive
    description:
      name: package_config
      sha256: ffcf4cf3d6c0b74ac43708d9f56625506e8a68aa935abe9d267a7330f320eb5d
      url: "https://pub.dev"
    source: hosted
    version: "3.0.0"
  path:
    dependency: transitive
    description:
      name: path
      sha256: "75cca69d1490965be98c73ceaea117e8a04dd21217b37b292c9ddbec0d955bc5"
      url: "https://pub.dev"
    source: hosted
    version: "1.9.1"
  path_provider:
    dependency: transitive
    description:
      name: path_provider
      sha256: a7f4874f987173da295a61c181b8ee71dab59b332a486b391babf26a1b884825
      url: "https://pub.dev"
    source: hosted
    version: "2.1.6"
  path_provider_android:
    dependency: transitive
    description:
      name: path_provider_android
      sha256: "69cbd515a62b94d32a7944f086b2f82b4ac40a1d45bebfc00813a430ab2dabcd"
      url: "https://pub.dev"
    source: hosted
    version: "2.3.1"
  path_provider_foundation:
    dependency: transitive
    description:
      name: path_provider_foundation
      sha256: "2a376b7d6392d80cd3705782d2caa734ca4727776db0b6ec36ef3f1855197699"
      url: "https://pub.dev"
    source: hosted
    version: "2.6.0"
  path_provider_linux:
    dependency: transitive
    description:
      name: path_provider_linux
      sha256: "58c2005f147315b11e9b4a7bc889cd5203e250cba8e3f012dae259b4972b5c16"
      url: "https://pub.dev"
    source: hosted
    version: "2.2.2"
  path_provider_platform_interface:
    dependency: transitive
    description:
      name: path_provider_platform_interface
      sha256: "484838772624c3a4b94f1e44a3e19897fee738f2d5c4ce448443b0417f7c9dda"
      url: "https://pub.dev"
    source: hosted
    version: "2.1.3"
  path_provider_windows:
    dependency: transitive
    description:
      name: path_provider_windows
      sha256: bd6f00dbd873bfb70d0761682da2b3a2c2fccc2b9e84c495821639601d81afe7
      url: "https://pub.dev"
    source: hosted
    version: "2.3.0"
  platform:
    dependency: transitive
    description:
      name: platform
      sha256: "5d6b1b0036a5f331ebc77c850ebc8506cbc1e9416c27e59b439f917a902a4984"
      url: "https://pub.dev"
    source: hosted
    version: "3.1.6"
  plugin_platform_interface:
    dependency: transitive
    description:
      name: plugin_platform_interface
      sha256: "4820fbfdb9478b1ebae27888254d445073732dae3d6ea81f0b7e06d5dedc3f02"
      url: "https://pub.dev"
    source: hosted
    version: "2.1.8"
  pub_semver:
    dependency: transitive
    description:
      name: pub_semver
      sha256: "5bfcf68ca79ef689f8990d1160781b4bad40a3bd5e5218ad4076ddb7f4081585"
      url: "https://pub.dev"
    source: hosted
    version: "2.2.0"
  record_use:
    dependency: transitive
    description:
      name: record_use
      sha256: "2551bd8eecfe95d14ae75f6021ad0248be5c27f138c2ec12fcb52b500b3ba1ed"
      url: "https://pub.dev"
    source: hosted
    version: "0.6.0"
  rxdart:
    dependency: "direct main"
    description:
      name: rxdart
      sha256: "5c3004a4a8dbb94bd4bf5412a4def4acdaa12e12f269737a5751369e12d1a962"
      url: "https://pub.dev"
    source: hosted
    version: "0.28.0"
  sky_engine:
    dependency: transitive
    description: flutter
    source: sdk
    version: "0.0.0"
  source_span:
    dependency: transitive
    description:
      name: source_span
      sha256: "56a02f1f4cd1a2d96303c0144c93bd6d909eea6bee6bf5a0e0b685edbd4c47ab"
      url: "https://pub.dev"
    source: hosted
    version: "1.10.2"
  sqflite:
    dependency: transitive
    description:
      name: sqflite
      sha256: "58a799e6ac17dd32fbab93813d39ed835a75ccc0f8f85b8955fe318c6712b082"
      url: "https://pub.dev"
    source: hosted
    version: "2.4.3"
  sqflite_android:
    dependency: transitive
    description:
      name: sqflite_android
      sha256: d0548f9d7422a2dae99ec6f8b0a3074463b132d216fa5ba0d230eeefc901983b
      url: "https://pub.dev"
    source: hosted
    version: "2.4.3"
  sqflite_common:
    dependency: transitive
    description:
      name: sqflite_common
      sha256: "5bf6a55c166e73bf651ba7ec3ed486e577620e3dc8f3a9c6a258a8031b624590"
      url: "https://pub.dev"
    source: hosted
    version: "2.5.11"
  sqflite_darwin:
    dependency: transitive
    description:
      name: sqflite_darwin
      sha256: c86ca18b8f666bbf903924687fe21cc16fc385d086005067e26619ca530bef9f
      url: "https://pub.dev"
    source: hosted
    version: "2.4.3+1"
  sqflite_platform_interface:
    dependency: transitive
    description:
      name: sqflite_platform_interface
      sha256: f84939f84350d92d04416f8bc4dc52d3896aec7716cc9e80cf0146342139dc50
      url: "https://pub.dev"
    source: hosted
    version: "2.4.1"
  string_scanner:
    dependency: transitive
    description:
      name: string_scanner
      sha256: "921cd31725b72fe181906c6a94d987c78e3b98c2e205b397ea399d4054872b43"
      url: "https://pub.dev"
    source: hosted
    version: "1.4.1"
  synchronized:
    dependency: "direct main"
    description:
      name: synchronized
      sha256: "61894a1956de6b4fc1aefd0892e109514a1a706cbece3ac59decd90ff5a7a423"
      url: "https://pub.dev"
    source: hosted
    version: "3.4.1+1"
  term_glyph:
    dependency: transitive
    description:
      name: term_glyph
      sha256: "7f554798625ea768a7518313e58f83891c7f5024f88e46e7182a4558850a4b8e"
      url: "https://pub.dev"
    source: hosted
    version: "1.2.2"
  typed_data:
    dependency: transitive
    description:
      name: typed_data
      sha256: f9049c039ebfeb4cf7a7104a675823cd72dba8297f264b6637062516699fa006
      url: "https://pub.dev"
    source: hosted
    version: "1.4.0"
  uuid:
    dependency: transitive
    description:
      name: uuid
      sha256: "9b129329f58692f6e6578329498a8fe9fbe98f090beb764ffbb8ee2eadd01dcd"
      url: "https://pub.dev"
    source: hosted
    version: "4.6.0"
  vector_math:
    dependency: transitive
    description:
      name: vector_math
      sha256: d530bd74fea330e6e364cda7a85019c434070188383e1cd8d9777ee586914c5b
      url: "https://pub.dev"
    source: hosted
    version: "2.2.0"
  web:
    dependency: transitive
    description:
      name: web
      sha256: "868d88a33d8a87b18ffc05f9f030ba328ffefba92d6c127917a2ba740f9cfe4a"
      url: "https://pub.dev"
    source: hosted
    version: "1.1.1"
  xdg_directories:
    dependency: transitive
    description:
      name: xdg_directories
      sha256: "7a3f37b05d989967cdddcbb571f1ea834867ae2faa29725fd085180e0883aa15"
      url: "https://pub.dev"
    source: hosted
    version: "1.1.0"
  yaml:
    dependency: transitive
    description:
      name: yaml
      sha256: b9da305ac7c39faa3f030eccd175340f968459dae4af175130b3fc47e40d76ce
      url: "https://pub.dev"
    source: hosted
    version: "3.1.3"
sdks:
  dart: ">=3.12.0 <4.0.0"
  flutter: ">=3.44.0"
